
Microsoft Visual Studio Solution File, Format Version 12.00
# Visual Studio Version 16
VisualStudioVersion = 16.0.29806.167
MinimumVisualStudioVersion = 10.0.40219.1
Project("{2150E333-8FDC-42A3-9474-1A3956D46DE8}") = "Common", "Common", "{F1208A52-408C-41AE-996E-580BE164B44B}"
EndProject
Project("{2150E333-8FDC-42A3-9474-1A3956D46DE8}") = "Services", "Services", "{54DE2602-1143-4D1D-B454-B711AA427EBA}"
EndProject
Project("{2150E333-8FDC-42A3-9474-1A3956D46DE8}") = "UI", "UI", "{95187CB4-1FC3-4F8B-A942-4391225724F0}"
EndProject
Project("{9A19103F-16F7-4668-BE54-9A1E7A4F7556}") = "WebStore.Domain", "Common\WebStore.Domain\WebStore.Domain.csproj", "{B088E47E-CEED-4494-99F3-087D1380BFA6}"
EndProject
Project("{9A19103F-16F7-4668-BE54-9A1E7A4F7556}") = "WebStore.DAL", "Services\WebStore.DAL\WebStore.DAL.csproj", "{1F1510E9-DD3A-4A01-82B5-534F0C49DD99}"
EndProject
Project("{9A19103F-16F7-4668-BE54-9A1E7A4F7556}") = "WebStore", "UI\WebStore\WebStore.csproj", "{C7822D63-EAD2-431C-898A-2D031466DB36}"
EndProject
Project("{2150E333-8FDC-42A3-9474-1A3956D46DE8}") = ".Service", ".Service", "{D44E3E6A-3BEA-476F-BB21-792A08ED26FC}"
	ProjectSection(SolutionItems) = preProject
		.gitignore = .gitignore
	EndProjectSection
EndProject
Project("{9A19103F-16F7-4668-BE54-9A1E7A4F7556}") = "WebStore.ServiceHosting", "Services\WebStore.ServiceHosting\WebStore.ServiceHosting.csproj", "{DE5E6017-844D-45B2-B304-1B1D81506DA3}"
EndProject
Project("{9A19103F-16F7-4668-BE54-9A1E7A4F7556}") = "WebStore.Interfaces", "Services\WebStore.Interfaces\WebStore.Interfaces.csproj", "{87035113-B1D3-40D6-8E57-4CE0A4934021}"
EndProject
Project("{9A19103F-16F7-4668-BE54-9A1E7A4F7556}") = "WebStore.Services", "Services\WebStore.Services\WebStore.Services.csproj", "{88094DD9-7A2B-4B8B-99CA-C7C513B83B69}"
EndProject
Project("{9A19103F-16F7-4668-BE54-9A1E7A4F7556}") = "WebStore.Clients", "Services\WebStore.Clients\WebStore.Clients.csproj", "{9F24FF63-2828-46BF-9FD2-95CE79A6E74F}"
EndProject
Project("{FAE04EC0-301F-11D3-BF4B-00C04F79EFBC}") = "WebStore.Logger", "Common\WebStore.Logger\WebStore.Logger.csproj", "{F2738589-AD40-4737-8CA4-6BED265D320D}"
EndProject
Project("{2150E333-8FDC-42A3-9474-1A3956D46DE8}") = "Tests", "Tests", "{DE1CE19A-F8F1-4D3D-BB8B-6024F59C7D39}"
EndProject
Project("{FAE04EC0-301F-11D3-BF4B-00C04F79EFBC}") = "WebStore.Tests", "Tests\WebStore.Tests\WebStore.Tests.csproj", "{37463AEB-5A38-4818-A1FA-B995FDD3B041}"
EndProject
Project("{FAE04EC0-301F-11D3-BF4B-00C04F79EFBC}") = "WebStore.Services.Tests", "Tests\WebStore.Services.Tests\WebStore.Services.Tests.csproj", "{C303C74E-8FB8-4982-A58B-EB69DE687D7A}"
EndProject
Global
	GlobalSection(SolutionConfigurationPlatforms) = preSolution
		Debug|Any CPU = Debug|Any CPU
		Release|Any CPU = Release|Any CPU
	EndGlobalSection
	GlobalSection(ProjectConfigurationPlatforms) = postSolution
		{B088E47E-CEED-4494-99F3-087D1380BFA6}.Debug|Any CPU.ActiveCfg = Debug|Any CPU
		{B088E47E-CEED-4494-99F3-087D1380BFA6}.Debug|Any CPU.Build.0 = Debug|Any CPU
		{B088E47E-CEED-4494-99F3-087D1380BFA6}.Release|Any CPU.ActiveCfg = Release|Any CPU
		{B088E47E-CEED-4494-99F3-087D1380BFA6}.Release|Any CPU.Build.0 = Release|Any CPU
		{1F1510E9-DD3A-4A01-82B5-534F0C49DD99}.Debug|Any CPU.ActiveCfg = Debug|Any CPU
		{1F1510E9-DD3A-4A01-82B5-534F0C49DD99}.Debug|Any CPU.Build.0 = Debug|Any CPU
		{1F1510E9-DD3A-4A01-82B5-534F0C49DD99}.Release|Any CPU.ActiveCfg = Release|Any CPU
		{1F1510E9-DD3A-4A01-82B5-534F0C49DD99}.Release|Any CPU.Build.0 = Release|Any CPU
		{C7822D63-EAD2-431C-898A-2D031466DB36}.Debug|Any CPU.ActiveCfg = Debug|Any CPU
		{C7822D63-EAD2-431C-898A-2D031466DB36}.Debug|Any CPU.Build.0 = Debug|Any CPU
		{C7822D63-EAD2-431C-898A-2D031466DB36}.Release|Any CPU.ActiveCfg = Release|Any CPU
		{C7822D63-EAD2-431C-898A-2D031466DB36}.Release|Any CPU.Build.0 = Release|Any CPU
		{DE5E6017-844D-45B2-B304-1B1D81506DA3}.Debug|Any CPU.ActiveCfg = Debug|Any CPU
		{DE5E6017-844D-45B2-B304-1B1D81506DA3}.Debug|Any CPU.Build.0 = Debug|Any CPU
		{DE5E6017-844D-45B2-B304-1B1D81506DA3}.Release|Any CPU.ActiveCfg = Release|Any CPU
		{DE5E6017-844D-45B2-B304-1B1D81506DA3}.Release|Any CPU.Build.0 = Release|Any CPU
		{87035113-B1D3-40D6-8E57-4CE0A4934021}.Debug|Any CPU.ActiveCfg = Debug|Any CPU
		{87035113-B1D3-40D6-8E57-4CE0A4934021}.Debug|Any CPU.Build.0 = Debug|Any CPU
		{87035113-B1D3-40D6-8E57-4CE0A4934021}.Release|Any CPU.ActiveCfg = Release|Any CPU
		{87035113-B1D3-40D6-8E57-4CE0A4934021}.Release|Any CPU.Build.0 = Release|Any CPU
		{88094DD9-7A2B-4B8B-99CA-C7C513B83B69}.Debug|Any CPU.ActiveCfg = Debug|Any CPU
		{88094DD9-7A2B-4B8B-99CA-C7C513B83B69}.Debug|Any CPU.Build.0 = Debug|Any CPU
		{88094DD9-7A2B-4B8B-99CA-C7C513B83B69}.Release|Any CPU.ActiveCfg = Release|Any CPU
		{88094DD9-7A2B-4B8B-99CA-C7C513B83B69}.Release|Any CPU.Build.0 = Release|Any CPU
		{9F24FF63-2828-46BF-9FD2-95CE79A6E74F}.Debug|Any CPU.ActiveCfg = Debug|Any CPU
		{9F24FF63-2828-46BF-9FD2-95CE79A6E74F}.Debug|Any CPU.Build.0 = Debug|Any CPU
		{9F24FF63-2828-46BF-9FD2-95CE79A6E74F}.Release|Any CPU.ActiveCfg = Release|Any CPU
		{9F24FF63-2828-46BF-9FD2-95CE79A6E74F}.Release|Any CPU.Build.0 = Release|Any CPU
		{F2738589-AD40-4737-8CA4-6BED265D320D}.Debug|Any CPU.ActiveCfg = Debug|Any CPU
		{F2738589-AD40-4737-8CA4-6BED265D320D}.Debug|Any CPU.Build.0 = Debug|Any CPU
		{F2738589-AD40-4737-8CA4-6BED265D320D}.Release|Any CPU.ActiveCfg = Release|Any CPU
		{F2738589-AD40-4737-8CA4-6BED265D320D}.Release|Any CPU.Build.0 = Release|Any CPU
		{37463AEB-5A38-4818-A1FA-B995FDD3B041}.Debug|Any CPU.ActiveCfg = Debug|Any CPU
		{37463AEB-5A38-4818-A1FA-B995FDD3B041}.Debug|Any CPU.Build.0 = Debug|Any CPU
		{37463AEB-5A38-4818-A1FA-B995FDD3B041}.Release|Any CPU.ActiveCfg = Release|Any CPU
		{37463AEB-5A38-4818-A1FA-B995FDD3B041}.Release|Any CPU.Build.0 = Release|Any CPU
		{C303C74E-8FB8-4982-A58B-EB69DE687D7A}.Debug|Any CPU.ActiveCfg = Debug|Any CPU
		{C303C74E-8FB8-4982-A58B-EB69DE687D7A}.Debug|Any CPU.Build.0 = Debug|Any CPU
		{C303C74E-8FB8-4982-A58B-EB69DE687D7A}.Release|Any CPU.ActiveCfg = Release|Any CPU
		{C303C74E-8FB8-4982-A58B-EB69DE687D7A}.Release|Any CPU.Build.0 = Release|Any CPU
	EndGlobalSection
	GlobalSection(SolutionProperties) = preSolution
		HideSolutionNode = FALSE
	EndGlobalSection
	GlobalSection(NestedProjects) = preSolution
		{B088E47E-CEED-4494-99F3-087D1380BFA6} = {F1208A52-408C-41AE-996E-580BE164B44B}
		{1F1510E9-DD3A-4A01-82B5-534F0C49DD99} = {54DE2602-1143-4D1D-B454-B711AA427EBA}
		{C7822D63-EAD2-431C-898A-2D031466DB36} = {95187CB4-1FC3-4F8B-A942-4391225724F0}
		{DE5E6017-844D-45B2-B304-1B1D81506DA3} = {54DE2602-1143-4D1D-B454-B711AA427EBA}
		{87035113-B1D3-40D6-8E57-4CE0A4934021} = {54DE2602-1143-4D1D-B454-B711AA427EBA}
		{88094DD9-7A2B-4B8B-99CA-C7C513B83B69} = {54DE2602-1143-4D1D-B454-B711AA427EBA}
		{9F24FF63-2828-46BF-9FD2-95CE79A6E74F} = {54DE2602-1143-4D1D-B454-B711AA427EBA}
		{F2738589-AD40-4737-8CA4-6BED265D320D} = {F1208A52-408C-41AE-996E-580BE164B44B}
		{37463AEB-5A38-4818-A1FA-B995FDD3B041} = {DE1CE19A-F8F1-4D3D-BB8B-6024F59C7D39}
		{C303C74E-8FB8-4982-A58B-EB69DE687D7A} = {DE1CE19A-F8F1-4D3D-BB8B-6024F59C7D39}
	EndGlobalSection
	GlobalSection(ExtensibilityGlobals) = postSolution
		SolutionGuid = {03B48D7A-D1FA-42B8-B4B5-E9BA9125FA87}
	EndGlobalSection
EndGlobal
